github.com/akulsharma1/godiscord v0.0.0-20220405011242-0809e98b3254 h1:SpEjAPkC033C++U+04ZOqwmqGrAQhPK/9SsbXRe462Q=
github.com/akulsharma1/godiscord v0.0.0-20220405011242-0809e98b3254/go.mod h1:O78u4+CXBAhgi9me1asLNXPiFQIX/o4BZ6d2ygIQHDA=
github.com/grafov/bcast v0.0.0-20190217190352-1447f067e08d h1:Q2+KsA/1GLC9xyLsDun3/EOJ+83rY/IHRsO1DToPrdo=
github.com/grafov/bcast v0.0.0-20190217190352-1447f067e08d/go.mod h1:RInr+B3/Tx70hYm0rpNPMTD7vH0pBG5ny/JsHAs2KcQ=
gopkg.in/fatih/set.v0 v0.2.1 h1:Xvyyp7LXu34P0ROhCyfXkmQCAoOUKb1E2JS9I7SE5CY=
gopkg.in/fatih/set.v0 v0.2.1/go.mod h1:5eLWEndGL4zGGemXWrKuts+wTJR0y+w+auqUJZbmyBg=
